// !$*UTF8*$!
{
	archiveVersion = 1;
	classes = {
	};
	objectVersion = 50;
	objects = {

/* Begin PBXBuildFile section */
		FD9E1D9B218FD41D009E05A9 /* AppDelegate.m in Sources */ = {isa = PBXBuildFile; fileRef = FD9E1D9A218FD41D009E05A9 /* AppDelegate.m */; };
		FD9E1D9E218FD41D009E05A9 /* ViewController.m in Sources */ = {isa = PBXBuildFile; fileRef = FD9E1D9D218FD41D009E05A9 /* ViewController.m */; };
		FD9E1DA1218FD41D009E05A9 /* Main.storyboard in Resources */ = {isa = PBXBuildFile; fileRef = FD9E1D9F218FD41D009E05A9 /* Main.storyboard */; };
		FD9E1DA3218FD41E009E05A9 /* Assets.xcassets in Resources */ = {isa = PBXBuildFile; fileRef = FD9E1DA2218FD41E009E05A9 /* Assets.xcassets */; };
		FD9E1DA6218FD41E009E05A9 /* LaunchScreen.storyboard in Resources */ = {isa = PBXBuildFile; fileRef = FD9E1DA4218FD41E009E05A9 /* LaunchScreen.storyboard */; };
		FD9E1DA9218FD41E009E05A9 /* main.m in Sources */ = {isa = PBXBuildFile; fileRef = FD9E1DA8218FD41E009E05A9 /* main.m */; };
		FD9E1DB3218FD41E009E05A9 /* QFMoudleTests.m in Sources */ = {isa = PBXBuildFile; fileRef = FD9E1DB2218FD41E009E05A9 /* QFMoudleTests.m */; };
		FD9E1DBE218FD41E009E05A9 /* QFMoudleUITests.m in Sources */ = {isa = PBXBuildFile; fileRef = FD9E1DBD218FD41E009E05A9 /* QFMoudleUITests.m */; };
		FD9E1DD1218FD7BA009E05A9 /* QFRouter.m in Sources */ = {isa = PBXBuildFile; fileRef = FD9E1DD0218FD7BA009E05A9 /* QFRouter.m */; };
		FD9E1DE1218FDBFA009E05A9 /* MoudleHome.m in Sources */ = {isa = PBXBuildFile; fileRef = FD9E1DDD218FDBFA009E05A9 /* MoudleHome.m */; };
		FD9E1DE2218FDBFA009E05A9 /* QFHomeViewController.m in Sources */ = {isa = PBXBuildFile; fileRef = FD9E1DE0218FDBFA009E05A9 /* QFHomeViewController.m */; };
		FD9E1DE5218FDC0C009E05A9 /* QFDetailViewController.m in Sources */ = {isa = PBXBuildFile; fileRef = FD9E1DE4218FDC0C009E05A9 /* QFDetailViewController.m */; };
		FD9E1DEA218FDC46009E05A9 /* QFMeViewController.m in Sources */ = {isa = PBXBuildFile; fileRef = FD9E1DE9218FDC46009E05A9 /* QFMeViewController.m */; };
		FD9E1DEE218FDC79009E05A9 /* MoudleMe.m in Sources */ = {isa = PBXBuildFile; fileRef = FD9E1DED218FDC79009E05A9 /* MoudleMe.m */; };
/* End PBXBuildFile section */

/* Begin PBXContainerItemProxy section */
		FD9E1DAF218FD41E009E05A9 /* PBXContainerItemProxy */ = {
			isa = PBXContainerItemProxy;
			containerPortal = FD9E1D8E218FD41C009E05A9 /* Project object */;
			proxyType = 1;
			remoteGlobalIDString = FD9E1D95218FD41C009E05A9;
			remoteInfo = QFMoudle;
		};
		FD9E1DBA218FD41E009E05A9 /* PBXContainerItemProxy */ = {
			isa = PBXContainerItemProxy;
			containerPortal = FD9E1D8E218FD41C009E05A9 /* Project object */;
			proxyType = 1;
			remoteGlobalIDString = FD9E1D95218FD41C009E05A9;
			remoteInfo = QFMoudle;
		};
/* End PBXContainerItemProxy section */

/* Begin PBXFileReference section */
		FD9E1D96218FD41D009E05A9 /* QFMoudle.app */ = {isa = PBXFileReference; explicitFileType = wrapper.application; includeInIndex = 0; path = QFMoudle.app; sourceTree = BUILT_PRODUCTS_DIR; };
		FD9E1D99218FD41D009E05A9 /* AppDelegate.h */ = {isa = PBXFileReference; lastKnownFileType = sourcecode.c.h; path = AppDelegate.h; sourceTree = "<group>"; };
		FD9E1D9A218FD41D009E05A9 /* AppDelegate.m */ = {isa = PBXFileReference; lastKnownFileType = sourcecode.c.objc; path = AppDelegate.m; sourceTree = "<group>"; };
		FD9E1D9C218FD41D009E05A9 /* ViewController.h */ = {isa = PBXFileReference; lastKnownFileType = sourcecode.c.h; path = ViewController.h; sourceTree = "<group>"; };
		FD9E1D9D218FD41D009E05A9 /* ViewController.m */ = {isa = PBXFileReference; lastKnownFileType = sourcecode.c.objc; path = ViewController.m; sourceTree = "<group>"; };
		FD9E1DA0218FD41D009E05A9 /* Base */ = {isa = PBXFileReference; lastKnownFileType = file.storyboard; name = Base; path = Base.lproj/Main.storyboard; sourceTree = "<group>"; };
		FD9E1DA2218FD41E009E05A9 /* Assets.xcassets */ = {isa = PBXFileReference; lastKnownFileType = folder.assetcatalog; path = Assets.xcassets; sourceTree = "<group>"; };
		FD9E1DA5218FD41E009E05A9 /* Base */ = {isa = PBXFileReference; lastKnownFileType = file.storyboard; name = Base; path = Base.lproj/LaunchScreen.storyboard; sourceTree = "<group>"; };
		FD9E1DA7218FD41E009E05A9 /* Info.plist */ = {isa = PBXFileReference; lastKnownFileType = text.plist.xml; path = Info.plist; sourceTree = "<group>"; };
		FD9E1DA8218FD41E009E05A9 /* main.m */ = {isa = PBXFileReference; lastKnownFileType = sourcecode.c.objc; path = main.m; sourceTree = "<group>"; };
		FD9E1DAE218FD41E009E05A9 /* QFMoudleTests.xctest */ = {isa = PBXFileReference; explicitFileType = wrapper.cfbundle; includeInIndex = 0; path = QFMoudleTests.xctest; sourceTree = BUILT_PRODUCTS_DIR; };
		FD9E1DB2218FD41E009E05A9 /* QFMoudleTests.m */ = {isa = PBXFileReference; lastKnownFileType = sourcecode.c.objc; path = QFMoudleTests.m; sourceTree = "<group>"; };
		FD9E1DB4218FD41E009E05A9 /* Info.plist */ = {isa = PBXFileReference; lastKnownFileType = text.plist.xml; path = Info.plist; sourceTree = "<group>"; };
		FD9E1DB9218FD41E009E05A9 /* QFMoudleUITests.xctest */ = {isa = PBXFileReference; explicitFileType = wrapper.cfbundle; includeInIndex = 0; path = QFMoudleUITests.xctest; sourceTree = BUILT_PRODUCTS_DIR; };
		FD9E1DBD218FD41E009E05A9 /* QFMoudleUITests.m */ = {isa = PBXFileReference; lastKnownFileType = sourcecode.c.objc; path = QFMoudleUITests.m; sourceTree = "<group>"; };
		FD9E1DBF218FD41E009E05A9 /* Info.plist */ = {isa = PBXFileReference; lastKnownFileType = text.plist.xml; path = Info.plist; sourceTree = "<group>"; };
		FD9E1DCF218FD7BA009E05A9 /* QFRouter.h */ = {isa = PBXFileReference; lastKnownFileType = sourcecode.c.h; path = QFRouter.h; sourceTree = "<group>"; };
		FD9E1DD0218FD7BA009E05A9 /* QFRouter.m */ = {isa = PBXFileReference; lastKnownFileType = sourcecode.c.objc; path = QFRouter.m; sourceTree = "<group>"; };
		FD9E1DD3218FD9D0009E05A9 /* QFMoudleProtocol.h */ = {isa = PBXFileReference; lastKnownFileType = sourcecode.c.h; path = QFMoudleProtocol.h; sourceTree = "<group>"; };
		FD9E1DDC218FDBFA009E05A9 /* MoudleHome.h */ = {isa = PBXFileReference; fileEncoding = 4; lastKnownFileType = sourcecode.c.h; path = MoudleHome.h; sourceTree = "<group>"; };
		FD9E1DDD218FDBFA009E05A9 /* MoudleHome.m */ = {isa = PBXFileReference; fileEncoding = 4; lastKnownFileType = sourcecode.c.objc; path = MoudleHome.m; sourceTree = "<group>"; };
		FD9E1DDF218FDBFA009E05A9 /* QFHomeViewController.h */ = {isa = PBXFileReference; fileEncoding = 4; lastKnownFileType = sourcecode.c.h; path = QFHomeViewController.h; sourceTree = "<group>"; };
		FD9E1DE0218FDBFA009E05A9 /* QFHomeViewController.m */ = {isa = PBXFileReference; fileEncoding = 4; lastKnownFileType = sourcecode.c.objc; path = QFHomeViewController.m; sourceTree = "<group>"; };
		FD9E1DE3218FDC0C009E05A9 /* QFDetailViewController.h */ = {isa = PBXFileReference; lastKnownFileType = sourcecode.c.h; path = QFDetailViewController.h; sourceTree = "<group>"; };
		FD9E1DE4218FDC0C009E05A9 /* QFDetailViewController.m */ = {isa = PBXFileReference; lastKnownFileType = sourcecode.c.objc; path = QFDetailViewController.m; sourceTree = "<group>"; };
		FD9E1DE8218FDC46009E05A9 /* QFMeViewController.h */ = {isa = PBXFileReference; lastKnownFileType = sourcecode.c.h; path = QFMeViewController.h; sourceTree = "<group>"; };
		FD9E1DE9218FDC46009E05A9 /* QFMeViewController.m */ = {isa = PBXFileReference; lastKnownFileType = sourcecode.c.objc; path = QFMeViewController.m; sourceTree = "<group>"; };
		FD9E1DEC218FDC79009E05A9 /* MoudleMe.h */ = {isa = PBXFileReference; lastKnownFileType = sourcecode.c.h; path = MoudleMe.h; sourceTree = "<group>"; };
		FD9E1DED218FDC79009E05A9 /* MoudleMe.m */ = {isa = PBXFileReference; lastKnownFileType = sourcecode.c.objc; path = MoudleMe.m; sourceTree = "<group>"; };
/* End PBXFileReference section */

/* Begin PBXFrameworksBuildPhase section */
		FD9E1D93218FD41C009E05A9 /* Frameworks */ = {
			isa = PBXFrameworksBuildPhase;
			buildActionMask = 2147483647;
			files = (
			);
			runOnlyForDeploymentPostprocessing = 0;
		};
		FD9E1DAB218FD41E009E05A9 /* Frameworks */ = {
			isa = PBXFrameworksBuildPhase;
			buildActionMask = 2147483647;
			files = (
			);
			runOnlyForDeploymentPostprocessing = 0;
		};
		FD9E1DB6218FD41E009E05A9 /* Frameworks */ = {
			isa = PBXFrameworksBuildPhase;
			buildActionMask = 2147483647;
			files = (
			);
			runOnlyForDeploymentPostprocessing = 0;
		};
/* End PBXFrameworksBuildPhase section */

/* Begin PBXGroup section */
		FD9E1D8D218FD41C009E05A9 = {
			isa = PBXGroup;
			children = (
				FD9E1D98218FD41D009E05A9 /* QFMoudle */,
				FD9E1DB1218FD41E009E05A9 /* QFMoudleTests */,
				FD9E1DBC218FD41E009E05A9 /* QFMoudleUITests */,
				FD9E1D97218FD41D009E05A9 /* Products */,
			);
			sourceTree = "<group>";
		};
		FD9E1D97218FD41D009E05A9 /* Products */ = {
			isa = PBXGroup;
			children = (
				FD9E1D96218FD41D009E05A9 /* QFMoudle.app */,
				FD9E1DAE218FD41E009E05A9 /* QFMoudleTests.xctest */,
				FD9E1DB9218FD41E009E05A9 /* QFMoudleUITests.xctest */,
			);
			name = Products;
			sourceTree = "<group>";
		};
		FD9E1D98218FD41D009E05A9 /* QFMoudle */ = {
			isa = PBXGroup;
			children = (
				FD9E1DDA218FDBFA009E05A9 /* QFHome */,
				FD9E1DCE218FD7A2009E05A9 /* QFMe */,
				FD9E1DCC218FD7A2009E05A9 /* QFProtocol */,
				FD9E1DCD218FD7A2009E05A9 /* QFRouter */,
				FD9E1D99218FD41D009E05A9 /* AppDelegate.h */,
				FD9E1D9A218FD41D009E05A9 /* AppDelegate.m */,
				FD9E1D9C218FD41D009E05A9 /* ViewController.h */,
				FD9E1D9D218FD41D009E05A9 /* ViewController.m */,
				FD9E1D9F218FD41D009E05A9 /* Main.storyboard */,
				FD9E1DA2218FD41E009E05A9 /* Assets.xcassets */,
				FD9E1DA4218FD41E009E05A9 /* LaunchScreen.storyboard */,
				FD9E1DA7218FD41E009E05A9 /* Info.plist */,
				FD9E1DA8218FD41E009E05A9 /* main.m */,
			);
			path = QFMoudle;
			sourceTree = "<group>";
		};
		FD9E1DB1218FD41E009E05A9 /* QFMoudleTests */ = {
			isa = PBXGroup;
			children = (
				FD9E1DB2218FD41E009E05A9 /* QFMoudleTests.m */,
				FD9E1DB4218FD41E009E05A9 /* Info.plist */,
			);
			path = QFMoudleTests;
			sourceTree = "<group>";
		};
		FD9E1DBC218FD41E009E05A9 /* QFMoudleUITests */ = {
			isa = PBXGroup;
			children = (
				FD9E1DBD218FD41E009E05A9 /* QFMoudleUITests.m */,
				FD9E1DBF218FD41E009E05A9 /* Info.plist */,
			);
			path = QFMoudleUITests;
			sourceTree = "<group>";
		};
		FD9E1DCC218FD7A2009E05A9 /* QFProtocol */ = {
			isa = PBXGroup;
			children = (
				FD9E1DD3218FD9D0009E05A9 /* QFMoudleProtocol.h */,
			);
			path = QFProtocol;
			sourceTree = "<group>";
		};
		FD9E1DCD218FD7A2009E05A9 /* QFRouter */ = {
			isa = PBXGroup;
			children = (
				FD9E1DCF218FD7BA009E05A9 /* QFRouter.h */,
				FD9E1DD0218FD7BA009E05A9 /* QFRouter.m */,
			);
			path = QFRouter;
			sourceTree = "<group>";
		};
		FD9E1DCE218FD7A2009E05A9 /* QFMe */ = {
			isa = PBXGroup;
			children = (
				FD9E1DE6218FDC3A009E05A9 /* Moudle */,
				FD9E1DE7218FDC3A009E05A9 /* Controller */,
			);
			path = QFMe;
			sourceTree = "<group>";
		};
		FD9E1DDA218FDBFA009E05A9 /* QFHome */ = {
			isa = PBXGroup;
			children = (
				FD9E1DDB218FDBFA009E05A9 /* Module */,
				FD9E1DDE218FDBFA009E05A9 /* Controller */,
			);
			path = QFHome;
			sourceTree = "<group>";
		};
		FD9E1DDB218FDBFA009E05A9 /* Module */ = {
			isa = PBXGroup;
			children = (
				FD9E1DDC218FDBFA009E05A9 /* MoudleHome.h */,
				FD9E1DDD218FDBFA009E05A9 /* MoudleHome.m */,
			);
			path = Module;
			sourceTree = "<group>";
		};
		FD9E1DDE218FDBFA009E05A9 /* Controller */ = {
			isa = PBXGroup;
			children = (
				FD9E1DDF218FDBFA009E05A9 /* QFHomeViewController.h */,
				FD9E1DE0218FDBFA009E05A9 /* QFHomeViewController.m */,
				FD9E1DE3218FDC0C009E05A9 /* QFDetailViewController.h */,
				FD9E1DE4218FDC0C009E05A9 /* QFDetailViewController.m */,
			);
			path = Controller;
			sourceTree = "<group>";
		};
		FD9E1DE6218FDC3A009E05A9 /* Moudle */ = {
			isa = PBXGroup;
			children = (
				FD9E1DEC218FDC79009E05A9 /* MoudleMe.h */,
				FD9E1DED218FDC79009E05A9 /* MoudleMe.m */,
			);
			path = Moudle;
			sourceTree = "<group>";
		};
		FD9E1DE7218FDC3A009E05A9 /* Controller */ = {
			isa = PBXGroup;
			children = (
				FD9E1DE8218FDC46009E05A9 /* QFMeViewController.h */,
				FD9E1DE9218FDC46009E05A9 /* QFMeViewController.m */,
			);
			path = Controller;
			sourceTree = "<group>";
		};
/* End PBXGroup section */

/* Begin PBXNativeTarget section */
		FD9E1D95218FD41C009E05A9 /* QFMoudle */ = {
			isa = PBXNativeTarget;
			buildConfigurationList = FD9E1DC2218FD41E009E05A9 /* Build configuration list for PBXNativeTarget "QFMoudle" */;
			buildPhases = (
				FD9E1D92218FD41C009E05A9 /* Sources */,
				FD9E1D93218FD41C009E05A9 /* Frameworks */,
				FD9E1D94218FD41C009E05A9 /* Resources */,
			);
			buildRules = (
			);
			dependencies = (
			);
			name = QFMoudle;
			productName = QFMoudle;
			productReference = FD9E1D96218FD41D009E05A9 /* QFMoudle.app */;
			productType = "com.apple.product-type.application";
		};
		FD9E1DAD218FD41E009E05A9 /* QFMoudleTests */ = {
			isa = PBXNativeTarget;
			buildConfigurationList = FD9E1DC5218FD41E009E05A9 /* Build configuration list for PBXNativeTarget "QFMoudleTests" */;
			buildPhases = (
				FD9E1DAA218FD41E009E05A9 /* Sources */,
				FD9E1DAB218FD41E009E05A9 /* Frameworks */,
				FD9E1DAC218FD41E009E05A9 /* Resources */,
			);
			buildRules = (
			);
			dependencies = (
				FD9E1DB0218FD41E009E05A9 /* PBXTargetDependency */,
			);
			name = QFMoudleTests;
			productName = QFMoudleTests;
			productReference = FD9E1DAE218FD41E009E05A9 /* QFMoudleTests.xctest */;
			productType = "com.apple.product-type.bundle.unit-test";
		};
		FD9E1DB8218FD41E009E05A9 /* QFMoudleUITests */ = {
			isa = PBXNativeTarget;
			buildConfigurationList = FD9E1DC8218FD41E009E05A9 /* Build configuration list for PBXNativeTarget "QFMoudleUITests" */;
			buildPhases = (
				FD9E1DB5218FD41E009E05A9 /* Sources */,
				FD9E1DB6218FD41E009E05A9 /* Frameworks */,
				FD9E1DB7218FD41E009E05A9 /* Resources */,
			);
			buildRules = (
			);
			dependencies = (
				FD9E1DBB218FD41E009E05A9 /* PBXTargetDependency */,
			);
			name = QFMoudleUITests;
			productName = QFMoudleUITests;
			productReference = FD9E1DB9218FD41E009E05A9 /* QFMoudleUITests.xctest */;
			productType = "com.apple.product-type.bundle.ui-testing";
		};
/* End PBXNativeTarget section */

/* Begin PBXProject section */
		FD9E1D8E218FD41C009E05A9 /* Project object */ = {
			isa = PBXProject;
			attributes = {
				CLASSPREFIX = QF;
				LastUpgradeCheck = 0940;
				ORGANIZATIONNAME = qingfengiOS;
				TargetAttributes = {
					FD9E1D95218FD41C009E05A9 = {
						CreatedOnToolsVersion = 9.4.1;
					};
					FD9E1DAD218FD41E009E05A9 = {
						CreatedOnToolsVersion = 9.4.1;
						TestTargetID = FD9E1D95218FD41C009E05A9;
					};
					FD9E1DB8218FD41E009E05A9 = {
						CreatedOnToolsVersion = 9.4.1;
						TestTargetID = FD9E1D95218FD41C009E05A9;
					};
				};
			};
			buildConfigurationList = FD9E1D91218FD41C009E05A9 /* Build configuration list for PBXProject "QFMoudle" */;
			compatibilityVersion = "Xcode 9.3";
			developmentRegion = en;
			hasScannedForEncodings = 0;
			knownRegions = (
				en,
				Base,
			);
			mainGroup = FD9E1D8D218FD41C009E05A9;
			productRefGroup = FD9E1D97218FD41D009E05A9 /* Products */;
			projectDirPath = "";
			projectRoot = "";
			targets = (
				FD9E1D95218FD41C009E05A9 /* QFMoudle */,
				FD9E1DAD218FD41E009E05A9 /* QFMoudleTests */,
				FD9E1DB8218FD41E009E05A9 /* QFMoudleUITests */,
			);
		};
/* End PBXProject section */

/* Begin PBXResourcesBuildPhase section */
		FD9E1D94218FD41C009E05A9 /* Resources */ = {
			isa = PBXResourcesBuildPhase;
			buildActionMask = 2147483647;
			files = (
				FD9E1DA6218FD41E009E05A9 /* LaunchScreen.storyboard in Resources */,
				FD9E1DA3218FD41E009E05A9 /* Assets.xcassets in Resources */,
				FD9E1DA1218FD41D009E05A9 /* Main.storyboard in Resources */,
			);
			runOnlyForDeploymentPostprocessing = 0;
		};
		FD9E1DAC218FD41E009E05A9 /* Resources */ = {
			isa = PBXResourcesBuildPhase;
			buildActionMask = 2147483647;
			files = (
			);
			runOnlyForDeploymentPostprocessing = 0;
		};
		FD9E1DB7218FD41E009E05A9 /* Resources */ = {
			isa = PBXResourcesBuildPhase;
			buildActionMask = 2147483647;
			files = (
			);
			runOnlyForDeploymentPostprocessing = 0;
		};
/* End PBXResourcesBuildPhase section */

/* Begin PBXSourcesBuildPhase section */
		FD9E1D92218FD41C009E05A9 /* Sources */ = {
			isa = PBXSourcesBuildPhase;
			buildActionMask = 2147483647;
			files = (
				FD9E1DE5218FDC0C009E05A9 /* QFDetailViewController.m in Sources */,
				FD9E1DE2218FDBFA009E05A9 /* QFHomeViewController.m in Sources */,
				FD9E1D9E218FD41D009E05A9 /* ViewController.m in Sources */,
				FD9E1DD1218FD7BA009E05A9 /* QFRouter.m in Sources */,
				FD9E1DA9218FD41E009E05A9 /* main.m in Sources */,
				FD9E1D9B218FD41D009E05A9 /* AppDelegate.m in Sources */,
				FD9E1DE1218FDBFA009E05A9 /* MoudleHome.m in Sources */,
				FD9E1DEA218FDC46009E05A9 /* QFMeViewController.m in Sources */,
				FD9E1DEE218FDC79009E05A9 /* MoudleMe.m in Sources */,
			);
			runOnlyForDeploymentPostprocessing = 0;
		};
		FD9E1DAA218FD41E009E05A9 /* Sources */ = {
			isa = PBXSourcesBuildPhase;
			buildActionMask = 2147483647;
			files = (
				FD9E1DB3218FD41E009E05A9 /* QFMoudleTests.m in Sources */,
			);
			runOnlyForDeploymentPostprocessing = 0;
		};
		FD9E1DB5218FD41E009E05A9 /* Sources */ = {
			isa = PBXSourcesBuildPhase;
			buildActionMask = 2147483647;
			files = (
				FD9E1DBE218FD41E009E05A9 /* QFMoudleUITests.m in Sources */,
			);
			runOnlyForDeploymentPostprocessing = 0;
		};
/* End PBXSourcesBuildPhase section */

/* Begin PBXTargetDependency section */
		FD9E1DB0218FD41E009E05A9 /* PBXTargetDependency */ = {
			isa = PBXTargetDependency;
			target = FD9E1D95218FD41C009E05A9 /* QFMoudle */;
			targetProxy = FD9E1DAF218FD41E009E05A9 /* PBXContainerItemProxy */;
		};
		FD9E1DBB218FD41E009E05A9 /* PBXTargetDependency */ = {
			isa = PBXTargetDependency;
			target = FD9E1D95218FD41C009E05A9 /* QFMoudle */;
			targetProxy = FD9E1DBA218FD41E009E05A9 /* PBXContainerItemProxy */;
		};
/* End PBXTargetDependency section */

/* Begin PBXVariantGroup section */
		FD9E1D9F218FD41D009E05A9 /* Main.storyboard */ = {
			isa = PBXVariantGroup;
			children = (
				FD9E1DA0218FD41D009E05A9 /* Base */,
			);
			name = Main.storyboard;
			sourceTree = "<group>";
		};
		FD9E1DA4218FD41E009E05A9 /* LaunchScreen.storyboard */ = {
			isa = PBXVariantGroup;
			children = (
				FD9E1DA5218FD41E009E05A9 /* Base */,
			);
			name = LaunchScreen.storyboard;
			sourceTree = "<group>";
		};
/* End PBXVariantGroup section */

/* Begin XCBuildConfiguration section */
		FD9E1DC0218FD41E009E05A9 /* Debug */ = {
			isa = XCBuildConfiguration;
			buildSettings = {
				ALWAYS_SEARCH_USER_PATHS = NO;
				CLANG_ANALYZER_NONNULL = YES;
				CLANG_ANALYZER_NUMBER_OBJECT_CONVERSION = YES_AGGRESSIVE;
				CLANG_CXX_LANGUAGE_STANDARD = "gnu++14";
				CLANG_CXX_LIBRARY = "libc++";
				CLANG_ENABLE_MODULES = YES;
				CLANG_ENABLE_OBJC_ARC = YES;
				CLANG_ENABLE_OBJC_WEAK = YES;
				CLANG_WARN_BLOCK_CAPTURE_AUTORELEASING = YES;
				CLANG_WARN_BOOL_CONVERSION = YES;
				CLANG_WARN_COMMA = YES;
				CLANG_WARN_CONSTANT_CONVERSION = YES;
				CLANG_WARN_DEPRECATED_OBJC_IMPLEMENTATIONS = YES;
				CLANG_WARN_DIRECT_OBJC_ISA_USAGE = YES_ERROR;
				CLANG_WARN_DOCUMENTATION_COMMENTS = YES;
				CLANG_WARN_EMPTY_BODY = YES;
				CLANG_WARN_ENUM_CONVERSION = YES;
				CLANG_WARN_INFINITE_RECURSION = YES;
				CLANG_WARN_INT_CONVERSION = YES;
				CLANG_WARN_NON_LITERAL_NULL_CONVERSION = YES;
				CLANG_WARN_OBJC_IMPLICIT_RETAIN_SELF = YES;
				CLANG_WARN_OBJC_LITERAL_CONVERSION = YES;
				CLANG_WARN_OBJC_ROOT_CLASS = YES_ERROR;
				CLANG_WARN_RANGE_LOOP_ANALYSIS = YES;
				CLANG_WARN_STRICT_PROTOTYPES = YES;
				CLANG_WARN_SUSPICIOUS_MOVE = YES;
				CLANG_WARN_UNGUARDED_AVAILABILITY = YES_AGGRESSIVE;
				CLANG_WARN_UNREACHABLE_CODE = YES;
				CLANG_WARN__DUPLICATE_METHOD_MATCH = YES;
				CODE_SIGN_IDENTITY = "iPhone Developer";
				COPY_PHASE_STRIP = NO;
				DEBUG_INFORMATION_FORMAT = dwarf;
				ENABLE_STRICT_OBJC_MSGSEND = YES;
				ENABLE_TESTABILITY = YES;
				GCC_C_LANGUAGE_STANDARD = gnu11;
				GCC_DYNAMIC_NO_PIC = NO;
				GCC_NO_COMMON_BLOCKS = YES;
				GCC_OPTIMIZATION_LEVEL = 0;
				GCC_PREPROCESSOR_DEFINITIONS = (
					"DEBUG=1",
					"$(inherited)",
				);
				GCC_WARN_64_TO_32_BIT_CONVERSION = YES;
				GCC_WARN_ABOUT_RETURN_TYPE = YES_ERROR;
				GCC_WARN_UNDECLARED_SELECTOR = YES;
				GCC_WARN_UNINITIALIZED_AUTOS = YES_AGGRESSIVE;
				GCC_WARN_UNUSED_FUNCTION = YES;
				GCC_WARN_UNUSED_VARIABLE = YES;
				IPHONEOS_DEPLOYMENT_TARGET = 11.4;
				MTL_ENABLE_DEBUG_INFO = YES;
				ONLY_ACTIVE_ARCH = YES;
				SDKROOT = iphoneos;
			};
			name = Debug;
		};
		FD9E1DC1218FD41E009E05A9 /* Release */ = {
			isa = XCBuildConfiguration;
			buildSettings = {
				ALWAYS_SEARCH_USER_PATHS = NO;
				CLANG_ANALYZER_NONNULL = YES;
				CLANG_ANALYZER_NUMBER_OBJECT_CONVERSION = YES_AGGRESSIVE;
				CLANG_CXX_LANGUAGE_STANDARD = "gnu++14";
				CLANG_CXX_LIBRARY = "libc++";
				CLANG_ENABLE_MODULES = YES;
				CLANG_ENABLE_OBJC_ARC = YES;
				CLANG_ENABLE_OBJC_WEAK = YES;
				CLANG_WARN_BLOCK_CAPTURE_AUTORELEASING = YES;
				CLANG_WARN_BOOL_CONVERSION = YES;
				CLANG_WARN_COMMA = YES;
				CLANG_WARN_CONSTANT_CONVERSION = YES;
				CLANG_WARN_DEPRECATED_OBJC_IMPLEMENTATIONS = YES;
				CLANG_WARN_DIRECT_OBJC_ISA_USAGE = YES_ERROR;
				CLANG_WARN_DOCUMENTATION_COMMENTS = YES;
				CLANG_WARN_EMPTY_BODY = YES;
				CLANG_WARN_ENUM_CONVERSION = YES;
				CLANG_WARN_INFINITE_RECURSION = YES;
				CLANG_WARN_INT_CONVERSION = YES;
				CLANG_WARN_NON_LITERAL_NULL_CONVERSION = YES;
				CLANG_WARN_OBJC_IMPLICIT_RETAIN_SELF = YES;
				CLANG_WARN_OBJC_LITERAL_CONVERSION = YES;
				CLANG_WARN_OBJC_ROOT_CLASS = YES_ERROR;
				CLANG_WARN_RANGE_LOOP_ANALYSIS = YES;
				CLANG_WARN_STRICT_PROTOTYPES = YES;
				CLANG_WARN_SUSPICIOUS_MOVE = YES;
				CLANG_WARN_UNGUARDED_AVAILABILITY = YES_AGGRESSIVE;
				CLANG_WARN_UNREACHABLE_CODE = YES;
				CLANG_WARN__DUPLICATE_METHOD_MATCH = YES;
				CODE_SIGN_IDENTITY = "iPhone Developer";
				COPY_PHASE_STRIP = NO;
				DEBUG_INFORMATION_FORMAT = "dwarf-with-dsym";
				ENABLE_NS_ASSERTIONS = NO;
				ENABLE_STRICT_OBJC_MSGSEND = YES;
				GCC_C_LANGUAGE_STANDARD = gnu11;
				GCC_NO_COMMON_BLOCKS = YES;
				GCC_WARN_64_TO_32_BIT_CONVERSION = YES;
				GCC_WARN_ABOUT_RETURN_TYPE = YES_ERROR;
				GCC_WARN_UNDECLARED_SELECTOR = YES;
				GCC_WARN_UNINITIALIZED_AUTOS = YES_AGGRESSIVE;
				GCC_WARN_UNUSED_FUNCTION = YES;
				GCC_WARN_UNUSED_VARIABLE = YES;
				IPHONEOS_DEPLOYMENT_TARGET = 11.4;
				MTL_ENABLE_DEBUG_INFO = NO;
				SDKROOT = iphoneos;
				VALIDATE_PRODUCT = YES;
			};
			name = Release;
		};
		FD9E1DC3218FD41E009E05A9 /* Debug */ = {
			isa = XCBuildConfiguration;
			buildSettings = {
				ASSETCATALOG_COMPILER_APPICON_NAME = AppIcon;
				CODE_SIGN_STYLE = Automatic;
				DEVELOPMENT_TEAM = DZK6T3AW3W;
				INFOPLIST_FILE = QFMoudle/Info.plist;
				LD_RUNPATH_SEARCH_PATHS = (
					"$(inherited)",
					"@executable_path/Frameworks",
				);
				PRODUCT_BUNDLE_IDENTIFIER = com.qingfengiOS.www.QFMoudle;
				PRODUCT_NAME = "$(TARGET_NAME)";
				TARGETED_DEVICE_FAMILY = "1,2";
			};
			name = Debug;
		};
		FD9E1DC4218FD41E009E05A9 /* Release */ = {
			isa = XCBuildConfiguration;
			buildSettings = {
				ASSETCATALOG_COMPILER_APPICON_NAME = AppIcon;
				CODE_SIGN_STYLE = Automatic;
				DEVELOPMENT_TEAM = DZK6T3AW3W;
				INFOPLIST_FILE = QFMoudle/Info.plist;
				LD_RUNPATH_SEARCH_PATHS = (
					"$(inherited)",
					"@executable_path/Frameworks",
				);
				PRODUCT_BUNDLE_IDENTIFIER = com.qingfengiOS.www.QFMoudle;
				PRODUCT_NAME = "$(TARGET_NAME)";
				TARGETED_DEVICE_FAMILY = "1,2";
			};
			name = Release;
		};
		FD9E1DC6218FD41E009E05A9 /* Debug */ = {
			isa = XCBuildConfiguration;
			buildSettings = {
				BUNDLE_LOADER = "$(TEST_HOST)";
				CODE_SIGN_STYLE = Automatic;
				DEVELOPMENT_TEAM = DZK6T3AW3W;
				INFOPLIST_FILE = QFMoudleTests/Info.plist;
				LD_RUNPATH_SEARCH_PATHS = (
					"$(inherited)",
					"@executable_path/Frameworks",
					"@loader_path/Frameworks",
				);
				PRODUCT_BUNDLE_IDENTIFIER = com.shanglv51.www.QFMoudleTests;
				PRODUCT_NAME = "$(TARGET_NAME)";
				TARGETED_DEVICE_FAMILY = "1,2";
				TEST_HOST = "$(BUILT_PRODUCTS_DIR)/QFMoudle.app/QFMoudle";
			};
			name = Debug;
		};
		FD9E1DC7218FD41E009E05A9 /* Release */ = {
			isa = XCBuildConfiguration;
			buildSettings = {
				BUNDLE_LOADER = "$(TEST_HOST)";
				CODE_SIGN_STYLE = Automatic;
				DEVELOPMENT_TEAM = DZK6T3AW3W;
				INFOPLIST_FILE = QFMoudleTests/Info.plist;
				LD_RUNPATH_SEARCH_PATHS = (
					"$(inherited)",
					"@executable_path/Frameworks",
					"@loader_path/Frameworks",
				);
				PRODUCT_BUNDLE_IDENTIFIER = com.shanglv51.www.QFMoudleTests;
				PRODUCT_NAME = "$(TARGET_NAME)";
				TARGETED_DEVICE_FAMILY = "1,2";
				TEST_HOST = "$(BUILT_PRODUCTS_DIR)/QFMoudle.app/QFMoudle";
			};
			name = Release;
		};
		FD9E1DC9218FD41E009E05A9 /* Debug */ = {
			isa = XCBuildConfiguration;
			buildSettings = {
				CODE_SIGN_STYLE = Automatic;
				DEVELOPMENT_TEAM = DZK6T3AW3W;
				INFOPLIST_FILE = QFMoudleUITests/Info.plist;
				LD_RUNPATH_SEARCH_PATHS = (
					"$(inherited)",
					"@executable_path/Frameworks",
					"@loader_path/Frameworks",
				);
				PRODUCT_BUNDLE_IDENTIFIER = com.shanglv51.www.QFMoudleUITests;
				PRODUCT_NAME = "$(TARGET_NAME)";
				TARGETED_DEVICE_FAMILY = "1,2";
				TEST_TARGET_NAME = QFMoudle;
			};
			name = Debug;
		};
		FD9E1DCA218FD41E009E05A9 /* Release */ = {
			isa = XCBuildConfiguration;
			buildSettings = {
				CODE_SIGN_STYLE = Automatic;
				DEVELOPMENT_TEAM = DZK6T3AW3W;
				INFOPLIST_FILE = QFMoudleUITests/Info.plist;
				LD_RUNPATH_SEARCH_PATHS = (
					"$(inherited)",
					"@executable_path/Frameworks",
					"@loader_path/Frameworks",
				);
				PRODUCT_BUNDLE_IDENTIFIER = com.shanglv51.www.QFMoudleUITests;
				PRODUCT_NAME = "$(TARGET_NAME)";
				TARGETED_DEVICE_FAMILY = "1,2";
				TEST_TARGET_NAME = QFMoudle;
			};
			name = Release;
		};
/* End XCBuildConfiguration section */

/* Begin XCConfigurationList section */
		FD9E1D91218FD41C009E05A9 /* Build configuration list for PBXProject "QFMoudle" */ = {
			isa = XCConfigurationList;
			buildConfigurations = (
				FD9E1DC0218FD41E009E05A9 /* Debug */,
				FD9E1DC1218FD41E009E05A9 /* Release */,
			);
			defaultConfigurationIsVisible = 0;
			defaultConfigurationName = Release;
		};
		FD9E1DC2218FD41E009E05A9 /* Build configuration list for PBXNativeTarget "QFMoudle" */ = {
			isa = XCConfigurationList;
			buildConfigurations = (
				FD9E1DC3218FD41E009E05A9 /* Debug */,
				FD9E1DC4218FD41E009E05A9 /* Release */,
			);
			defaultConfigurationIsVisible = 0;
			defaultConfigurationName = Release;
		};
		FD9E1DC5218FD41E009E05A9 /* Build configuration list for PBXNativeTarget "QFMoudleTests" */ = {
			isa = XCConfigurationList;
			buildConfigurations = (
				FD9E1DC6218FD41E009E05A9 /* Debug */,
				FD9E1DC7218FD41E009E05A9 /* Release */,
			);
			defaultConfigurationIsVisible = 0;
			defaultConfigurationName = Release;
		};
		FD9E1DC8218FD41E009E05A9 /* Build configuration list for PBXNativeTarget "QFMoudleUITests" */ = {
			isa = XCConfigurationList;
			buildConfigurations = (
				FD9E1DC9218FD41E009E05A9 /* Debug */,
				FD9E1DCA218FD41E009E05A9 /* Release */,
			);
			defaultConfigurationIsVisible = 0;
			defaultConfigurationName = Release;
		};
/* End XCConfigurationList section */
	};
	rootObject = FD9E1D8E218FD41C009E05A9 /* Project object */;
}
